{
  "name": "krshaknew2-main",
  "lockfileVersion": 3,
  "requires": true,
  "packages": {
    "": {
      "dependencies": {
        "react-test-renderer": "^19.0.0"
      }
    },
    "node_modules/react": {
      "version": "19.1.0",
      "resolved": "https://registry.npmjs.org/react/-/react-19.1.0.tgz",
      "integrity": "sha512-FS+XFBNvn3GTAWq26joslQgWNoFu08F4kl0J4CgdNKADkdSGXQyTCnKteIAJy96Br6YbpEU1LSzV5dYtjMkMDg==",
      "license": "MIT",
      "peer": true,
      "engines": {
        "node": ">=0.10.0"
      }
    },
    "node_modules/react-is": {
      "version": "19.1.0",
      "resolved": "https://registry.npmjs.org/react-is/-/react-is-19.1.0.tgz",
      "integrity": "sha512-Oe56aUPnkHyyDxxkvqtd7KkdQP5uIUfHxd5XTb3wE9d/kRnZLmKbDB0GWk919tdQ+mxxPtG6EAs6RMT6i1qtHg==",
      "license": "MIT"
    },
    "node_modules/react-test-renderer": {
      "version": "19.0.0",
      "resolved": "https://registry.npmjs.org/react-test-renderer/-/react-test-renderer-19.0.0.tgz",
      "integrity": "sha512-oX5u9rOQlHzqrE/64CNr0HB0uWxkCQmZNSfozlYvwE71TLVgeZxVf0IjouGEr1v7r1kcDifdAJBeOhdhxsG/DA==",
      "license": "MIT",
      "dependencies": {
        "react-is": "^19.0.0",
        "scheduler": "^0.25.0"
      },
      "peerDependencies": {
        "react": "^19.0.0"
      }
    },
    "node_modules/scheduler": {
      "version": "0.25.0",
      "resolved": "https://registry.npmjs.org/scheduler/-/scheduler-0.25.0.tgz",
      "integrity": "sha512-xFVuu11jh+xcO7JOAGJNOXld8/TcEHK/4CituBUeUb5hqxJLj9YuemAEuvm9gQ/+pgXYfbQuqAkiYu+u7YEsNA==",
      "license": "MIT"
    }
  }
}
